
Microsoft Visual Studio Solution File, Format Version 12.00
# Visual Studio Version 17
VisualStudioVersion = 17.9.34728.123
MinimumVisualStudioVersion = 10.0.40219.1
Project("{8BC9CEB8-8B4A-11D0-8D11-00A0C91BC942}") = "Program", "Program.vcxproj", "{DDF189A6-53E2-4391-A709-4F33A299BFC7}"
EndProject
Project("{8BC9CEB8-8B4A-11D0-8D11-00A0C91BC942}") = "Class1th (Stream)", "..\Class1th (Stream)\Class1th (Stream).vcxproj", "{9C59FA5F-0AB5-4A80-B56B-FC64A5AEFEEA}"
EndProject
Project("{8BC9CEB8-8B4A-11D0-8D11-00A0C91BC942}") = "Class2th (Class)", "..\Class2th (Class)\Class2th (Class).vcxproj", "{6008EE56-2968-40EA-A78D-B16A6AB11FEE}"
EndProject
Project("{8BC9CEB8-8B4A-11D0-8D11-00A0C91BC942}") = "Class3th (Constructor & Destructor)", "..\Class3th (Constructor & Destructor)\Class3th (Constructor & Destructor).vcxproj", "{61EF998D-1591-4EF7-AFB8-9953B1302856}"
EndProject
Project("{8BC9CEB8-8B4A-11D0-8D11-00A0C91BC942}") = "Class4th (Inheritance)", "..\Class4th (Inheritance)\Class4th (Inheritance).vcxproj", "{F6DEEB91-191B-44D9-81AD-9E1C8DA25F71}"
EndProject
Global
	GlobalSection(SolutionConfigurationPlatforms) = preSolution
		Debug|x64 = Debug|x64
		Debug|x86 = Debug|x86
		Release|x64 = Release|x64
		Release|x86 = Release|x86
	EndGlobalSection
	GlobalSection(ProjectConfigurationPlatforms) = postSolution
		{DDF189A6-53E2-4391-A709-4F33A299BFC7}.Debug|x64.ActiveCfg = Debug|x64
		{DDF189A6-53E2-4391-A709-4F33A299BFC7}.Debug|x64.Build.0 = Debug|x64
		{DDF189A6-53E2-4391-A709-4F33A299BFC7}.Debug|x86.ActiveCfg = Debug|Win32
		{DDF189A6-53E2-4391-A709-4F33A299BFC7}.Debug|x86.Build.0 = Debug|Win32
		{DDF189A6-53E2-4391-A709-4F33A299BFC7}.Release|x64.ActiveCfg = Release|x64
		{DDF189A6-53E2-4391-A709-4F33A299BFC7}.Release|x64.Build.0 = Release|x64
		{DDF189A6-53E2-4391-A709-4F33A299BFC7}.Release|x86.ActiveCfg = Release|Win32
		{DDF189A6-53E2-4391-A709-4F33A299BFC7}.Release|x86.Build.0 = Release|Win32
		{9C59FA5F-0AB5-4A80-B56B-FC64A5AEFEEA}.Debug|x64.ActiveCfg = Debug|x64
		{9C59FA5F-0AB5-4A80-B56B-FC64A5AEFEEA}.Debug|x64.Build.0 = Debug|x64
		{9C59FA5F-0AB5-4A80-B56B-FC64A5AEFEEA}.Debug|x86.ActiveCfg = Debug|Win32
		{9C59FA5F-0AB5-4A80-B56B-FC64A5AEFEEA}.Debug|x86.Build.0 = Debug|Win32
		{9C59FA5F-0AB5-4A80-B56B-FC64A5AEFEEA}.Release|x64.ActiveCfg = Release|x64
		{9C59FA5F-0AB5-4A80-B56B-FC64A5AEFEEA}.Release|x64.Build.0 = Release|x64
		{9C59FA5F-0AB5-4A80-B56B-FC64A5AEFEEA}.Release|x86.ActiveCfg = Release|Win32
		{9C59FA5F-0AB5-4A80-B56B-FC64A5AEFEEA}.Release|x86.Build.0 = Release|Win32
		{6008EE56-2968-40EA-A78D-B16A6AB11FEE}.Debug|x64.ActiveCfg = Debug|x64
		{6008EE56-2968-40EA-A78D-B16A6AB11FEE}.Debug|x64.Build.0 = Debug|x64
		{6008EE56-2968-40EA-A78D-B16A6AB11FEE}.Debug|x86.ActiveCfg = Debug|Win32
		{6008EE56-2968-40EA-A78D-B16A6AB11FEE}.Debug|x86.Build.0 = Debug|Win32
		{6008EE56-2968-40EA-A78D-B16A6AB11FEE}.Release|x64.ActiveCfg = Release|x64
		{6008EE56-2968-40EA-A78D-B16A6AB11FEE}.Release|x64.Build.0 = Release|x64
		{6008EE56-2968-40EA-A78D-B16A6AB11FEE}.Release|x86.ActiveCfg = Release|Win32
		{6008EE56-2968-40EA-A78D-B16A6AB11FEE}.Release|x86.Build.0 = Release|Win32
		{61EF998D-1591-4EF7-AFB8-9953B1302856}.Debug|x64.ActiveCfg = Debug|x64
		{61EF998D-1591-4EF7-AFB8-9953B1302856}.Debug|x64.Build.0 = Debug|x64
		{61EF998D-1591-4EF7-AFB8-9953B1302856}.Debug|x86.ActiveCfg = Debug|Win32
		{61EF998D-1591-4EF7-AFB8-9953B1302856}.Debug|x86.Build.0 = Debug|Win32
		{61EF998D-1591-4EF7-AFB8-9953B1302856}.Release|x64.ActiveCfg = Release|x64
		{61EF998D-1591-4EF7-AFB8-9953B1302856}.Release|x64.Build.0 = Release|x64
		{61EF998D-1591-4EF7-AFB8-9953B1302856}.Release|x86.ActiveCfg = Release|Win32
		{61EF998D-1591-4EF7-AFB8-9953B1302856}.Release|x86.Build.0 = Release|Win32
		{F6DEEB91-191B-44D9-81AD-9E1C8DA25F71}.Debug|x64.ActiveCfg = Debug|x64
		{F6DEEB91-191B-44D9-81AD-9E1C8DA25F71}.Debug|x64.Build.0 = Debug|x64
		{F6DEEB91-191B-44D9-81AD-9E1C8DA25F71}.Debug|x86.ActiveCfg = Debug|Win32
		{F6DEEB91-191B-44D9-81AD-9E1C8DA25F71}.Debug|x86.Build.0 = Debug|Win32
		{F6DEEB91-191B-44D9-81AD-9E1C8DA25F71}.Release|x64.ActiveCfg = Release|x64
		{F6DEEB91-191B-44D9-81AD-9E1C8DA25F71}.Release|x64.Build.0 = Release|x64
		{F6DEEB91-191B-44D9-81AD-9E1C8DA25F71}.Release|x86.ActiveCfg = Release|Win32
		{F6DEEB91-191B-44D9-81AD-9E1C8DA25F71}.Release|x86.Build.0 = Release|Win32
	EndGlobalSection
	GlobalSection(SolutionProperties) = preSolution
		HideSolutionNode = FALSE
	EndGlobalSection
	GlobalSection(ExtensibilityGlobals) = postSolution
		SolutionGuid = {D7366A45-4DA6-41B3-9821-1C7CAAC6A47F}
	EndGlobalSection
EndGlobal
