
Microsoft Visual Studio Solution File, Format Version 12.00
# Visual Studio Version 17
VisualStudioVersion = 17.9.34728.123
MinimumVisualStudioVersion = 10.0.40219.1
Project("{8BC9CEB8-8B4A-11D0-8D11-00A0C91BC942}") = "Program", "Program.vcxproj", "{09BC225B-8B25-4B9C-B818-0EF86EDF99D4}"
EndProject
Project("{8BC9CEB8-8B4A-11D0-8D11-00A0C91BC942}") = "Class1th (Variable & Constant)", "..\Class1th (Variable & Constant)\Class1th (Variable & Constant).vcxproj", "{72CBEA47-A7D5-40EC-A872-77EBEB23DD91}"
EndProject
Project("{8BC9CEB8-8B4A-11D0-8D11-00A0C91BC942}") = "Class2th (Bit)", "..\Class2th (Bit)\Class2th (Bit).vcxproj", "{A8BD4A85-F54C-4DF0-A442-D2FFAEC60EA8}"
EndProject
Project("{8BC9CEB8-8B4A-11D0-8D11-00A0C91BC942}") = "Class3th (Iteration Statement)", "..\Class3th (Iteration Statement)\Class3th (Iteration Statement).vcxproj", "{99C7D3E8-2F24-40EE-8DFD-74D3A7EBD49D}"
EndProject
Global
	GlobalSection(SolutionConfigurationPlatforms) = preSolution
		Debug|x64 = Debug|x64
		Debug|x86 = Debug|x86
		Release|x64 = Release|x64
		Release|x86 = Release|x86
	EndGlobalSection
	GlobalSection(ProjectConfigurationPlatforms) = postSolution
		{09BC225B-8B25-4B9C-B818-0EF86EDF99D4}.Debug|x64.ActiveCfg = Debug|x64
		{09BC225B-8B25-4B9C-B818-0EF86EDF99D4}.Debug|x64.Build.0 = Debug|x64
		{09BC225B-8B25-4B9C-B818-0EF86EDF99D4}.Debug|x86.ActiveCfg = Debug|Win32
		{09BC225B-8B25-4B9C-B818-0EF86EDF99D4}.Debug|x86.Build.0 = Debug|Win32
		{09BC225B-8B25-4B9C-B818-0EF86EDF99D4}.Release|x64.ActiveCfg = Release|x64
		{09BC225B-8B25-4B9C-B818-0EF86EDF99D4}.Release|x64.Build.0 = Release|x64
		{09BC225B-8B25-4B9C-B818-0EF86EDF99D4}.Release|x86.ActiveCfg = Release|Win32
		{09BC225B-8B25-4B9C-B818-0EF86EDF99D4}.Release|x86.Build.0 = Release|Win32
		{72CBEA47-A7D5-40EC-A872-77EBEB23DD91}.Debug|x64.ActiveCfg = Debug|x64
		{72CBEA47-A7D5-40EC-A872-77EBEB23DD91}.Debug|x64.Build.0 = Debug|x64
		{72CBEA47-A7D5-40EC-A872-77EBEB23DD91}.Debug|x86.ActiveCfg = Debug|Win32
		{72CBEA47-A7D5-40EC-A872-77EBEB23DD91}.Debug|x86.Build.0 = Debug|Win32
		{72CBEA47-A7D5-40EC-A872-77EBEB23DD91}.Release|x64.ActiveCfg = Release|x64
		{72CBEA47-A7D5-40EC-A872-77EBEB23DD91}.Release|x64.Build.0 = Release|x64
		{72CBEA47-A7D5-40EC-A872-77EBEB23DD91}.Release|x86.ActiveCfg = Release|Win32
		{72CBEA47-A7D5-40EC-A872-77EBEB23DD91}.Release|x86.Build.0 = Release|Win32
		{A8BD4A85-F54C-4DF0-A442-D2FFAEC60EA8}.Debug|x64.ActiveCfg = Debug|x64
		{A8BD4A85-F54C-4DF0-A442-D2FFAEC60EA8}.Debug|x64.Build.0 = Debug|x64
		{A8BD4A85-F54C-4DF0-A442-D2FFAEC60EA8}.Debug|x86.ActiveCfg = Debug|Win32
		{A8BD4A85-F54C-4DF0-A442-D2FFAEC60EA8}.Debug|x86.Build.0 = Debug|Win32
		{A8BD4A85-F54C-4DF0-A442-D2FFAEC60EA8}.Release|x64.ActiveCfg = Release|x64
		{A8BD4A85-F54C-4DF0-A442-D2FFAEC60EA8}.Release|x64.Build.0 = Release|x64
		{A8BD4A85-F54C-4DF0-A442-D2FFAEC60EA8}.Release|x86.ActiveCfg = Release|Win32
		{A8BD4A85-F54C-4DF0-A442-D2FFAEC60EA8}.Release|x86.Build.0 = Release|Win32
		{99C7D3E8-2F24-40EE-8DFD-74D3A7EBD49D}.Debug|x64.ActiveCfg = Debug|x64
		{99C7D3E8-2F24-40EE-8DFD-74D3A7EBD49D}.Debug|x64.Build.0 = Debug|x64
		{99C7D3E8-2F24-40EE-8DFD-74D3A7EBD49D}.Debug|x86.ActiveCfg = Debug|Win32
		{99C7D3E8-2F24-40EE-8DFD-74D3A7EBD49D}.Debug|x86.Build.0 = Debug|Win32
		{99C7D3E8-2F24-40EE-8DFD-74D3A7EBD49D}.Release|x64.ActiveCfg = Release|x64
		{99C7D3E8-2F24-40EE-8DFD-74D3A7EBD49D}.Release|x64.Build.0 = Release|x64
		{99C7D3E8-2F24-40EE-8DFD-74D3A7EBD49D}.Release|x86.ActiveCfg = Release|Win32
		{99C7D3E8-2F24-40EE-8DFD-74D3A7EBD49D}.Release|x86.Build.0 = Release|Win32
	EndGlobalSection
	GlobalSection(SolutionProperties) = preSolution
		HideSolutionNode = FALSE
	EndGlobalSection
	GlobalSection(ExtensibilityGlobals) = postSolution
		SolutionGuid = {52BF5DB8-EB00-49F9-928E-6709E10430B2}
	EndGlobalSection
EndGlobal
