
Microsoft Visual Studio Solution File, Format Version 12.00
# Visual Studio Version 17
VisualStudioVersion = 17.9.34728.123
MinimumVisualStudioVersion = 10.0.40219.1
Project("{8BC9CEB8-8B4A-11D0-8D11-00A0C91BC942}") = "Program", "Program.vcxproj", "{5FB8CFEC-813E-4655-9B4E-0F5AE69CF039}"
EndProject
Project("{8BC9CEB8-8B4A-11D0-8D11-00A0C91BC942}") = "Class1th (Single Linked List)", "..\Class1th (Single Linked List)\Class1th (Single Linked List).vcxproj", "{D2930CA1-41B3-4F8A-B8BD-4A7BE769C243}"
EndProject
Project("{8BC9CEB8-8B4A-11D0-8D11-00A0C91BC942}") = "Class2th (Double Linked List)", "..\Class2th (Double Linked List)\Class2th (Double Linked List).vcxproj", "{B3D7F138-FEEA-4BCB-B33D-971318FAFD12}"
EndProject
Project("{8BC9CEB8-8B4A-11D0-8D11-00A0C91BC942}") = "Class3th (Circle Linked List)", "..\Class3th (Circle Linked List)\Class3th (Circle Linked List).vcxproj", "{383269EA-DA7F-4370-AFE9-138A5765D552}"
EndProject
Project("{8BC9CEB8-8B4A-11D0-8D11-00A0C91BC942}") = "Class4th (Vector)", "..\Class4th (Vector)\Class4th (Vector).vcxproj", "{F0DBF739-A2AE-467B-8851-3F077D8013CA}"
EndProject
Project("{8BC9CEB8-8B4A-11D0-8D11-00A0C91BC942}") = "Class5th (String)", "..\Class5th (String)\Class5th (String).vcxproj", "{31DB99F4-38E0-4A31-B9C4-CFB701B2BF38}"
EndProject
Global
	GlobalSection(SolutionConfigurationPlatforms) = preSolution
		Debug|x64 = Debug|x64
		Debug|x86 = Debug|x86
		Release|x64 = Release|x64
		Release|x86 = Release|x86
	EndGlobalSection
	GlobalSection(ProjectConfigurationPlatforms) = postSolution
		{5FB8CFEC-813E-4655-9B4E-0F5AE69CF039}.Debug|x64.ActiveCfg = Debug|x64
		{5FB8CFEC-813E-4655-9B4E-0F5AE69CF039}.Debug|x64.Build.0 = Debug|x64
		{5FB8CFEC-813E-4655-9B4E-0F5AE69CF039}.Debug|x86.ActiveCfg = Debug|Win32
		{5FB8CFEC-813E-4655-9B4E-0F5AE69CF039}.Debug|x86.Build.0 = Debug|Win32
		{5FB8CFEC-813E-4655-9B4E-0F5AE69CF039}.Release|x64.ActiveCfg = Release|x64
		{5FB8CFEC-813E-4655-9B4E-0F5AE69CF039}.Release|x64.Build.0 = Release|x64
		{5FB8CFEC-813E-4655-9B4E-0F5AE69CF039}.Release|x86.ActiveCfg = Release|Win32
		{5FB8CFEC-813E-4655-9B4E-0F5AE69CF039}.Release|x86.Build.0 = Release|Win32
		{D2930CA1-41B3-4F8A-B8BD-4A7BE769C243}.Debug|x64.ActiveCfg = Debug|x64
		{D2930CA1-41B3-4F8A-B8BD-4A7BE769C243}.Debug|x64.Build.0 = Debug|x64
		{D2930CA1-41B3-4F8A-B8BD-4A7BE769C243}.Debug|x86.ActiveCfg = Debug|Win32
		{D2930CA1-41B3-4F8A-B8BD-4A7BE769C243}.Debug|x86.Build.0 = Debug|Win32
		{D2930CA1-41B3-4F8A-B8BD-4A7BE769C243}.Release|x64.ActiveCfg = Release|x64
		{D2930CA1-41B3-4F8A-B8BD-4A7BE769C243}.Release|x64.Build.0 = Release|x64
		{D2930CA1-41B3-4F8A-B8BD-4A7BE769C243}.Release|x86.ActiveCfg = Release|Win32
		{D2930CA1-41B3-4F8A-B8BD-4A7BE769C243}.Release|x86.Build.0 = Release|Win32
		{B3D7F138-FEEA-4BCB-B33D-971318FAFD12}.Debug|x64.ActiveCfg = Debug|x64
		{B3D7F138-FEEA-4BCB-B33D-971318FAFD12}.Debug|x64.Build.0 = Debug|x64
		{B3D7F138-FEEA-4BCB-B33D-971318FAFD12}.Debug|x86.ActiveCfg = Debug|Win32
		{B3D7F138-FEEA-4BCB-B33D-971318FAFD12}.Debug|x86.Build.0 = Debug|Win32
		{B3D7F138-FEEA-4BCB-B33D-971318FAFD12}.Release|x64.ActiveCfg = Release|x64
		{B3D7F138-FEEA-4BCB-B33D-971318FAFD12}.Release|x64.Build.0 = Release|x64
		{B3D7F138-FEEA-4BCB-B33D-971318FAFD12}.Release|x86.ActiveCfg = Release|Win32
		{B3D7F138-FEEA-4BCB-B33D-971318FAFD12}.Release|x86.Build.0 = Release|Win32
		{383269EA-DA7F-4370-AFE9-138A5765D552}.Debug|x64.ActiveCfg = Debug|x64
		{383269EA-DA7F-4370-AFE9-138A5765D552}.Debug|x64.Build.0 = Debug|x64
		{383269EA-DA7F-4370-AFE9-138A5765D552}.Debug|x86.ActiveCfg = Debug|Win32
		{383269EA-DA7F-4370-AFE9-138A5765D552}.Debug|x86.Build.0 = Debug|Win32
		{383269EA-DA7F-4370-AFE9-138A5765D552}.Release|x64.ActiveCfg = Release|x64
		{383269EA-DA7F-4370-AFE9-138A5765D552}.Release|x64.Build.0 = Release|x64
		{383269EA-DA7F-4370-AFE9-138A5765D552}.Release|x86.ActiveCfg = Release|Win32
		{383269EA-DA7F-4370-AFE9-138A5765D552}.Release|x86.Build.0 = Release|Win32
		{F0DBF739-A2AE-467B-8851-3F077D8013CA}.Debug|x64.ActiveCfg = Debug|x64
		{F0DBF739-A2AE-467B-8851-3F077D8013CA}.Debug|x64.Build.0 = Debug|x64
		{F0DBF739-A2AE-467B-8851-3F077D8013CA}.Debug|x86.ActiveCfg = Debug|Win32
		{F0DBF739-A2AE-467B-8851-3F077D8013CA}.Debug|x86.Build.0 = Debug|Win32
		{F0DBF739-A2AE-467B-8851-3F077D8013CA}.Release|x64.ActiveCfg = Release|x64
		{F0DBF739-A2AE-467B-8851-3F077D8013CA}.Release|x64.Build.0 = Release|x64
		{F0DBF739-A2AE-467B-8851-3F077D8013CA}.Release|x86.ActiveCfg = Release|Win32
		{F0DBF739-A2AE-467B-8851-3F077D8013CA}.Release|x86.Build.0 = Release|Win32
		{31DB99F4-38E0-4A31-B9C4-CFB701B2BF38}.Debug|x64.ActiveCfg = Debug|x64
		{31DB99F4-38E0-4A31-B9C4-CFB701B2BF38}.Debug|x64.Build.0 = Debug|x64
		{31DB99F4-38E0-4A31-B9C4-CFB701B2BF38}.Debug|x86.ActiveCfg = Debug|Win32
		{31DB99F4-38E0-4A31-B9C4-CFB701B2BF38}.Debug|x86.Build.0 = Debug|Win32
		{31DB99F4-38E0-4A31-B9C4-CFB701B2BF38}.Release|x64.ActiveCfg = Release|x64
		{31DB99F4-38E0-4A31-B9C4-CFB701B2BF38}.Release|x64.Build.0 = Release|x64
		{31DB99F4-38E0-4A31-B9C4-CFB701B2BF38}.Release|x86.ActiveCfg = Release|Win32
		{31DB99F4-38E0-4A31-B9C4-CFB701B2BF38}.Release|x86.Build.0 = Release|Win32
	EndGlobalSection
	GlobalSection(SolutionProperties) = preSolution
		HideSolutionNode = FALSE
	EndGlobalSection
	GlobalSection(ExtensibilityGlobals) = postSolution
		SolutionGuid = {F4F9714A-13DA-4852-B119-24E378DBC920}
	EndGlobalSection
EndGlobal
